// !$*UTF8*$!
{
	archiveVersion = 1;
	classes = {
	};
	objectVersion = 50;
	objects = {

/* Begin PBXBuildFile section */
		302CB5F82220290100F4B873 /* AppDelegate.m in Sources */ = {isa = PBXBuildFile; fileRef = 302CB5F72220290100F4B873 /* AppDelegate.m */; };
		302CB5FB2220290100F4B873 /* ViewController.m in Sources */ = {isa = PBXBuildFile; fileRef = 302CB5FA2220290100F4B873 /* ViewController.m */; };
		302CB5FE2220290100F4B873 /* Main.storyboard in Resources */ = {isa = PBXBuildFile; fileRef = 302CB5FC2220290100F4B873 /* Main.storyboard */; };
		302CB6002220290400F4B873 /* Assets.xcassets in Resources */ = {isa = PBXBuildFile; fileRef = 302CB5FF2220290400F4B873 /* Assets.xcassets */; };
		302CB6032220290400F4B873 /* LaunchScreen.storyboard in Resources */ = {isa = PBXBuildFile; fileRef = 302CB6012220290400F4B873 /* LaunchScreen.storyboard */; };
		302CB6062220290400F4B873 /* main.m in Sources */ = {isa = PBXBuildFile; fileRef = 302CB6052220290400F4B873 /* main.m */; };
/* End PBXBuildFile section */

/* Begin PBXFileReference section */
		302CB5F32220290100F4B873 /* testfilters.app */ = {isa = PBXFileReference; explicitFileType = wrapper.application; includeInIndex = 0; path = testfilters.app; sourceTree = BUILT_PRODUCTS_DIR; };
		302CB5F62220290100F4B873 /* AppDelegate.h */ = {isa = PBXFileReference; lastKnownFileType = sourcecode.c.h; path = AppDelegate.h; sourceTree = "<group>"; };
		302CB5F72220290100F4B873 /* AppDelegate.m */ = {isa = PBXFileReference; lastKnownFileType = sourcecode.c.objc; path = AppDelegate.m; sourceTree = "<group>"; };
		302CB5F92220290100F4B873 /* ViewController.h */ = {isa = PBXFileReference; lastKnownFileType = sourcecode.c.h; path = ViewController.h; sourceTree = "<group>"; };
		302CB5FA2220290100F4B873 /* ViewController.m */ = {isa = PBXFileReference; lastKnownFileType = sourcecode.c.objc; path = ViewController.m; sourceTree = "<group>"; };
		302CB5FD2220290100F4B873 /* Base */ = {isa = PBXFileReference; lastKnownFileType = file.storyboard; name = Base; path = Base.lproj/Main.storyboard; sourceTree = "<group>"; };
		302CB5FF2220290400F4B873 /* Assets.xcassets */ = {isa = PBXFileReference; lastKnownFileType = folder.assetcatalog; path = Assets.xcassets; sourceTree = "<group>"; };
		302CB6022220290400F4B873 /* Base */ = {isa = PBXFileReference; lastKnownFileType = file.storyboard; name = Base; path = Base.lproj/LaunchScreen.storyboard; sourceTree = "<group>"; };
		302CB6042220290400F4B873 /* Info.plist */ = {isa = PBXFileReference; lastKnownFileType = text.plist.xml; path = Info.plist; sourceTree = "<group>"; };
		302CB6052220290400F4B873 /* main.m */ = {isa = PBXFileReference; lastKnownFileType = sourcecode.c.objc; path = main.m; sourceTree = "<group>"; };
/* End PBXFileReference section */

/* Begin PBXFrameworksBuildPhase section */
		302CB5F02220290100F4B873 /* Frameworks */ = {
			isa = PBXFrameworksBuildPhase;
			buildActionMask = 2147483647;
			files = (
			);
			runOnlyForDeploymentPostprocessing = 0;
		};
/* End PBXFrameworksBuildPhase section */

/* Begin PBXGroup section */
		302CB5EA2220290100F4B873 = {
			isa = PBXGroup;
			children = (
				302CB5F52220290100F4B873 /* testfilters */,
				302CB5F42220290100F4B873 /* Products */,
			);
			sourceTree = "<group>";
		};
		302CB5F42220290100F4B873 /* Products */ = {
			isa = PBXGroup;
			children = (
				302CB5F32220290100F4B873 /* testfilters.app */,
			);
			name = Products;
			sourceTree = "<group>";
		};
		302CB5F52220290100F4B873 /* testfilters */ = {
			isa = PBXGroup;
			children = (
				302CB5F62220290100F4B873 /* AppDelegate.h */,
				302CB5F72220290100F4B873 /* AppDelegate.m */,
				302CB5F92220290100F4B873 /* ViewController.h */,
				302CB5FA2220290100F4B873 /* ViewController.m */,
				302CB5FC2220290100F4B873 /* Main.storyboard */,
				302CB5FF2220290400F4B873 /* Assets.xcassets */,
				302CB6012220290400F4B873 /* LaunchScreen.storyboard */,
				302CB6042220290400F4B873 /* Info.plist */,
				302CB6052220290400F4B873 /* main.m */,
			);
			path = testfilters;
			sourceTree = "<group>";
		};
/* End PBXGroup section */

/* Begin PBXNativeTarget section */
		302CB5F22220290100F4B873 /* testfilters */ = {
			isa = PBXNativeTarget;
			buildConfigurationList = 302CB6092220290400F4B873 /* Build configuration list for PBXNativeTarget "testfilters" */;
			buildPhases = (
				302CB5EF2220290100F4B873 /* Sources */,
				302CB5F02220290100F4B873 /* Frameworks */,
				302CB5F12220290100F4B873 /* Resources */,
			);
			buildRules = (
			);
			dependencies = (
			);
			name = testfilters;
			productName = testfilters;
			productReference = 302CB5F32220290100F4B873 /* testfilters.app */;
			productType = "com.apple.product-type.application";
		};
/* End PBXNativeTarget section */

/* Begin PBXProject section */
		302CB5EB2220290100F4B873 /* Project object */ = {
			isa = PBXProject;
			attributes = {
				LastUpgradeCheck = 1010;
				ORGANIZATIONNAME = "Jura Moshkov";
				TargetAttributes = {
					302CB5F22220290100F4B873 = {
						CreatedOnToolsVersion = 10.1;
					};
				};
			};
			buildConfigurationList = 302CB5EE2220290100F4B873 /* Build configuration list for PBXProject "testfilters" */;
			compatibilityVersion = "Xcode 9.3";
			developmentRegion = en;
			hasScannedForEncodings = 0;
			knownRegions = (
				en,
				Base,
			);
			mainGroup = 302CB5EA2220290100F4B873;
			productRefGroup = 302CB5F42220290100F4B873 /* Products */;
			projectDirPath = "";
			projectRoot = "";
			targets = (
				302CB5F22220290100F4B873 /* testfilters */,
			);
		};
/* End PBXProject section */

/* Begin PBXResourcesBuildPhase section */
		302CB5F12220290100F4B873 /* Resources */ = {
			isa = PBXResourcesBuildPhase;
			buildActionMask = 2147483647;
			files = (
				302CB6032220290400F4B873 /* LaunchScreen.storyboard in Resources */,
				302CB6002220290400F4B873 /* Assets.xcassets in Resources */,
				302CB5FE2220290100F4B873 /* Main.storyboard in Resources */,
			);
			runOnlyForDeploymentPostprocessing = 0;
		};
/* End PBXResourcesBuildPhase section */

/* Begin PBXSourcesBuildPhase section */
		302CB5EF2220290100F4B873 /* Sources */ = {
			isa = PBXSourcesBuildPhase;
			buildActionMask = 2147483647;
			files = (
				302CB5FB2220290100F4B873 /* ViewController.m in Sources */,
				302CB6062220290400F4B873 /* main.m in Sources */,
				302CB5F82220290100F4B873 /* AppDelegate.m in Sources */,
			);
			runOnlyForDeploymentPostprocessing = 0;
		};
/* End PBXSourcesBuildPhase section */

/* Begin PBXVariantGroup section */
		302CB5FC2220290100F4B873 /* Main.storyboard */ = {
			isa = PBXVariantGroup;
			children = (
				302CB5FD2220290100F4B873 /* Base */,
			);
			name = Main.storyboard;
			sourceTree = "<group>";
		};
		302CB6012220290400F4B873 /* LaunchScreen.storyboard */ = {
			isa = PBXVariantGroup;
			children = (
				302CB6022220290400F4B873 /* Base */,
			);
			name = LaunchScreen.storyboard;
			sourceTree = "<group>";
		};
/* End PBXVariantGroup section */

/* Begin XCBuildConfiguration section */
		302CB6072220290400F4B873 /* Debug */ = {
			isa = XCBuildConfiguration;
			buildSettings = {
				ALWAYS_SEARCH_USER_PATHS = NO;
				CLANG_ANALYZER_NONNULL = YES;
				CLANG_ANALYZER_NUMBER_OBJECT_CONVERSION = YES_AGGRESSIVE;
				CLANG_CXX_LANGUAGE_STANDARD = "gnu++14";
				CLANG_CXX_LIBRARY = "libc++";
				CLANG_ENABLE_MODULES = YES;
				CLANG_ENABLE_OBJC_ARC = YES;
				CLANG_ENABLE_OBJC_WEAK = YES;
				CLANG_WARN_BLOCK_CAPTURE_AUTORELEASING = YES;
				CLANG_WARN_BOOL_CONVERSION = YES;
				CLANG_WARN_COMMA = YES;
				CLANG_WARN_CONSTANT_CONVERSION = YES;
				CLANG_WARN_DEPRECATED_OBJC_IMPLEMENTATIONS = YES;
				CLANG_WARN_DIRECT_OBJC_ISA_USAGE = YES_ERROR;
				CLANG_WARN_DOCUMENTATION_COMMENTS = YES;
				CLANG_WARN_EMPTY_BODY = YES;
				CLANG_WARN_ENUM_CONVERSION = YES;
				CLANG_WARN_INFINITE_RECURSION = YES;
				CLANG_WARN_INT_CONVERSION = YES;
				CLANG_WARN_NON_LITERAL_NULL_CONVERSION = YES;
				CLANG_WARN_OBJC_IMPLICIT_RETAIN_SELF = YES;
				CLANG_WARN_OBJC_LITERAL_CONVERSION = YES;
				CLANG_WARN_OBJC_ROOT_CLASS = YES_ERROR;
				CLANG_WARN_RANGE_LOOP_ANALYSIS = YES;
				CLANG_WARN_STRICT_PROTOTYPES = YES;
				CLANG_WARN_SUSPICIOUS_MOVE = YES;
				CLANG_WARN_UNGUARDED_AVAILABILITY = YES_AGGRESSIVE;
				CLANG_WARN_UNREACHABLE_CODE = YES;
				CLANG_WARN__DUPLICATE_METHOD_MATCH = YES;
				CODE_SIGN_IDENTITY = "iPhone Developer";
				COPY_PHASE_STRIP = NO;
				DEBUG_INFORMATION_FORMAT = dwarf;
				ENABLE_STRICT_OBJC_MSGSEND = YES;
				ENABLE_TESTABILITY = YES;
				GCC_C_LANGUAGE_STANDARD = gnu11;
				GCC_DYNAMIC_NO_PIC = NO;
				GCC_NO_COMMON_BLOCKS = YES;
				GCC_OPTIMIZATION_LEVEL = 0;
				GCC_PREPROCESSOR_DEFINITIONS = (
					"DEBUG=1",
					"$(inherited)",
				);
				GCC_WARN_64_TO_32_BIT_CONVERSION = YES;
				GCC_WARN_ABOUT_RETURN_TYPE = YES_ERROR;
				GCC_WARN_UNDECLARED_SELECTOR = YES;
				GCC_WARN_UNINITIALIZED_AUTOS = YES_AGGRESSIVE;
				GCC_WARN_UNUSED_FUNCTION = YES;
				GCC_WARN_UNUSED_VARIABLE = YES;
				IPHONEOS_DEPLOYMENT_TARGET = 12.1;
				MTL_ENABLE_DEBUG_INFO = INCLUDE_SOURCE;
				MTL_FAST_MATH = YES;
				ONLY_ACTIVE_ARCH = YES;
				SDKROOT = iphoneos;
			};
			name = Debug;
		};
		302CB6082220290400F4B873 /* Release */ = {
			isa = XCBuildConfiguration;
			buildSettings = {
				ALWAYS_SEARCH_USER_PATHS = NO;
				CLANG_ANALYZER_NONNULL = YES;
				CLANG_ANALYZER_NUMBER_OBJECT_CONVERSION = YES_AGGRESSIVE;
				CLANG_CXX_LANGUAGE_STANDARD = "gnu++14";
				CLANG_CXX_LIBRARY = "libc++";
				CLANG_ENABLE_MODULES = YES;
				CLANG_ENABLE_OBJC_ARC = YES;
				CLANG_ENABLE_OBJC_WEAK = YES;
				CLANG_WARN_BLOCK_CAPTURE_AUTORELEASING = YES;
				CLANG_WARN_BOOL_CONVERSION = YES;
				CLANG_WARN_COMMA = YES;
				CLANG_WARN_CONSTANT_CONVERSION = YES;
				CLANG_WARN_DEPRECATED_OBJC_IMPLEMENTATIONS = YES;
				CLANG_WARN_DIRECT_OBJC_ISA_USAGE = YES_ERROR;
				CLANG_WARN_DOCUMENTATION_COMMENTS = YES;
				CLANG_WARN_EMPTY_BODY = YES;
				CLANG_WARN_ENUM_CONVERSION = YES;
				CLANG_WARN_INFINITE_RECURSION = YES;
				CLANG_WARN_INT_CONVERSION = YES;
				CLANG_WARN_NON_LITERAL_NULL_CONVERSION = YES;
				CLANG_WARN_OBJC_IMPLICIT_RETAIN_SELF = YES;
				CLANG_WARN_OBJC_LITERAL_CONVERSION = YES;
				CLANG_WARN_OBJC_ROOT_CLASS = YES_ERROR;
				CLANG_WARN_RANGE_LOOP_ANALYSIS = YES;
				CLANG_WARN_STRICT_PROTOTYPES = YES;
				CLANG_WARN_SUSPICIOUS_MOVE = YES;
				CLANG_WARN_UNGUARDED_AVAILABILITY = YES_AGGRESSIVE;
				CLANG_WARN_UNREACHABLE_CODE = YES;
				CLANG_WARN__DUPLICATE_METHOD_MATCH = YES;
				CODE_SIGN_IDENTITY = "iPhone Developer";
				COPY_PHASE_STRIP = NO;
				DEBUG_INFORMATION_FORMAT = "dwarf-with-dsym";
				ENABLE_NS_ASSERTIONS = NO;
				ENABLE_STRICT_OBJC_MSGSEND = YES;
				GCC_C_LANGUAGE_STANDARD = gnu11;
				GCC_NO_COMMON_BLOCKS = YES;
				GCC_WARN_64_TO_32_BIT_CONVERSION = YES;
				GCC_WARN_ABOUT_RETURN_TYPE = YES_ERROR;
				GCC_WARN_UNDECLARED_SELECTOR = YES;
				GCC_WARN_UNINITIALIZED_AUTOS = YES_AGGRESSIVE;
				GCC_WARN_UNUSED_FUNCTION = YES;
				GCC_WARN_UNUSED_VARIABLE = YES;
				IPHONEOS_DEPLOYMENT_TARGET = 12.1;
				MTL_ENABLE_DEBUG_INFO = NO;
				MTL_FAST_MATH = YES;
				SDKROOT = iphoneos;
				VALIDATE_PRODUCT = YES;
			};
			name = Release;
		};
		302CB60A2220290400F4B873 /* Debug */ = {
			isa = XCBuildConfiguration;
			buildSettings = {
				ASSETCATALOG_COMPILER_APPICON_NAME = AppIcon;
				CODE_SIGN_STYLE = Automatic;
				DEVELOPMENT_TEAM = DRUDQFX3X3;
				INFOPLIST_FILE = testfilters/Info.plist;
				LD_RUNPATH_SEARCH_PATHS = (
					"$(inherited)",
					"@executable_path/Frameworks",
				);
				PRODUCT_BUNDLE_IDENTIFIER = com.moshkovbro.testfilters;
				PRODUCT_NAME = "$(TARGET_NAME)";
				TARGETED_DEVICE_FAMILY = "1,2";
			};
			name = Debug;
		};
		302CB60B2220290400F4B873 /* Release */ = {
			isa = XCBuildConfiguration;
			buildSettings = {
				ASSETCATALOG_COMPILER_APPICON_NAME = AppIcon;
				CODE_SIGN_STYLE = Automatic;
				DEVELOPMENT_TEAM = DRUDQFX3X3;
				INFOPLIST_FILE = testfilters/Info.plist;
				LD_RUNPATH_SEARCH_PATHS = (
					"$(inherited)",
					"@executable_path/Frameworks",
				);
				PRODUCT_BUNDLE_IDENTIFIER = com.moshkovbro.testfilters;
				PRODUCT_NAME = "$(TARGET_NAME)";
				TARGETED_DEVICE_FAMILY = "1,2";
			};
			name = Release;
		};
/* End XCBuildConfiguration section */

/* Begin XCConfigurationList section */
		302CB5EE2220290100F4B873 /* Build configuration list for PBXProject "testfilters" */ = {
			isa = XCConfigurationList;
			buildConfigurations = (
				302CB6072220290400F4B873 /* Debug */,
				302CB6082220290400F4B873 /* Release */,
			);
			defaultConfigurationIsVisible = 0;
			defaultConfigurationName = Release;
		};
		302CB6092220290400F4B873 /* Build configuration list for PBXNativeTarget "testfilters" */ = {
			isa = XCConfigurationList;
			buildConfigurations = (
				302CB60A2220290400F4B873 /* Debug */,
				302CB60B2220290400F4B873 /* Release */,
			);
			defaultConfigurationIsVisible = 0;
			defaultConfigurationName = Release;
		};
/* End XCConfigurationList section */
	};
	rootObject = 302CB5EB2220290100F4B873 /* Project object */;
}
